
Microsoft Visual Studio Solution File, Format Version 12.00
# Visual Studio Version 16
VisualStudioVersion = 16.0.30523.141
MinimumVisualStudioVersion = 10.0.40219.1
Project("{FAE04EC0-301F-11D3-BF4B-00C04F79EFBC}") = "DataLayer", "DataLayer\DataLayer.csproj", "{0B29F4C7-7BA7-4924-B715-6E3AE08060A0}"
EndProject
Project("{FAE04EC0-301F-11D3-BF4B-00C04F79EFBC}") = "Runner", "Runner\Runner.csproj", "{6D74F231-1324-405F-BC1D-851F9099DAD6}"
EndProject
Global
	GlobalSection(SolutionConfigurationPlatforms) = preSolution
		Debug|Any CPU = Debug|Any CPU
		Release|Any CPU = Release|Any CPU
	EndGlobalSection
	GlobalSection(ProjectConfigurationPlatforms) = postSolution
		{0B29F4C7-7BA7-4924-B715-6E3AE08060A0}.Debug|Any CPU.ActiveCfg = Debug|Any CPU
		{0B29F4C7-7BA7-4924-B715-6E3AE08060A0}.Debug|Any CPU.Build.0 = Debug|Any CPU
		{0B29F4C7-7BA7-4924-B715-6E3AE08060A0}.Release|Any CPU.ActiveCfg = Release|Any CPU
		{0B29F4C7-7BA7-4924-B715-6E3AE08060A0}.Release|Any CPU.Build.0 = Release|Any CPU
		{6D74F231-1324-405F-BC1D-851F9099DAD6}.Debug|Any CPU.ActiveCfg = Debug|Any CPU
		{6D74F231-1324-405F-BC1D-851F9099DAD6}.Debug|Any CPU.Build.0 = Debug|Any CPU
		{6D74F231-1324-405F-BC1D-851F9099DAD6}.Release|Any CPU.ActiveCfg = Release|Any CPU
		{6D74F231-1324-405F-BC1D-851F9099DAD6}.Release|Any CPU.Build.0 = Release|Any CPU
	EndGlobalSection
	GlobalSection(SolutionProperties) = preSolution
		HideSolutionNode = FALSE
	EndGlobalSection
	GlobalSection(ExtensibilityGlobals) = postSolution
		SolutionGuid = {9C3103F5-CA74-416A-8CF1-BAFA4CE1F6E6}
	EndGlobalSection
EndGlobal
